lockfileVersion: '9.0'

settings:
  autoInstallPeers: true
  excludeLinksFromLockfile: false

importers:

  .:
    dependencies:
      '@inquirer/prompts':
        specifier: ^7.9.0
        version: 7.9.0(@types/node@20.14.8)
      node-fetch:
        specifier: ^3.3.2
        version: 3.3.2
      zipcodes:
        specifier: ^8.0.0
        version: 8.0.0

packages:

  '@inquirer/ansi@1.0.1':
    resolution: {integrity: sha512-yqq0aJW/5XPhi5xOAL1xRCpe1eh8UFVgYFpFsjEqmIR8rKLyP+HINvFXwUaxYICflJrVlxnp7lLN6As735kVpw==}
    engines: {node: '>=18'}

  '@inquirer/checkbox@4.3.0':
    resolution: {integrity: sha512-5+Q3PKH35YsnoPTh75LucALdAxom6xh5D1oeY561x4cqBuH24ZFVyFREPe14xgnrtmGu3EEt1dIi60wRVSnGCw==}
    engines: {node: '>=18'}
    peerDependencies:
      '@types/node': '>=18'
    peerDependenciesMeta:
      '@types/node':
        optional: true

  '@inquirer/confirm@5.1.19':
    resolution: {integrity: sha512-wQNz9cfcxrtEnUyG5PndC8g3gZ7lGDBzmWiXZkX8ot3vfZ+/BLjR8EvyGX4YzQLeVqtAlY/YScZpW7CW8qMoDQ==}
    engines: {node: '>=18'}
    peerDependencies:
      '@types/node': '>=18'
    peerDependenciesMeta:
      '@types/node':
        optional: true

  '@inquirer/core@10.3.0':
    resolution: {integrity: sha512-Uv2aPPPSK5jeCplQmQ9xadnFx2Zhj9b5Dj7bU6ZeCdDNNY11nhYy4btcSdtDguHqCT2h5oNeQTcUNSGGLA7NTA==}
    engines: {node: '>=18'}
    peerDependencies:
      '@types/node': '>=18'
    peerDependenciesMeta:
      '@types/node':
        optional: true

  '@inquirer/editor@4.2.21':
    resolution: {integrity: sha512-MjtjOGjr0Kh4BciaFShYpZ1s9400idOdvQ5D7u7lE6VztPFoyLcVNE5dXBmEEIQq5zi4B9h2kU+q7AVBxJMAkQ==}
    engines: {node: '>=18'}
    peerDependencies:
      '@types/node': '>=18'
    peerDependenciesMeta:
      '@types/node':
        optional: true

  '@inquirer/expand@4.0.21':
    resolution: {integrity: sha512-+mScLhIcbPFmuvU3tAGBed78XvYHSvCl6dBiYMlzCLhpr0bzGzd8tfivMMeqND6XZiaZ1tgusbUHJEfc6YzOdA==}
    engines: {node: '>=18'}
    peerDependencies:
      '@types/node': '>=18'
    peerDependenciesMeta:
      '@types/node':
        optional: true

  '@inquirer/external-editor@1.0.2':
    resolution: {integrity: sha512-yy9cOoBnx58TlsPrIxauKIFQTiyH+0MK4e97y4sV9ERbI+zDxw7i2hxHLCIEGIE/8PPvDxGhgzIOTSOWcs6/MQ==}
    engines: {node: '>=18'}
    peerDependencies:
      '@types/node': '>=18'
    peerDependenciesMeta:
      '@types/node':
        optional: true

  '@inquirer/figures@1.0.14':
    resolution: {integrity: sha512-DbFgdt+9/OZYFM+19dbpXOSeAstPy884FPy1KjDu4anWwymZeOYhMY1mdFri172htv6mvc/uvIAAi7b7tvjJBQ==}
    engines: {node: '>=18'}

  '@inquirer/input@4.2.5':
    resolution: {integrity: sha512-7GoWev7P6s7t0oJbenH0eQ0ThNdDJbEAEtVt9vsrYZ9FulIokvd823yLyhQlWHJPGce1wzP53ttfdCZmonMHyA==}
    engines: {node: '>=18'}
    peerDependencies:
      '@types/node': '>=18'
    peerDependenciesMeta:
      '@types/node':
        optional: true

  '@inquirer/number@3.0.21':
    resolution: {integrity: sha512-5QWs0KGaNMlhbdhOSCFfKsW+/dcAVC2g4wT/z2MCiZM47uLgatC5N20kpkDQf7dHx+XFct/MJvvNGy6aYJn4Pw==}
    engines: {node: '>=18'}
    peerDependencies:
      '@types/node': '>=18'
    peerDependenciesMeta:
      '@types/node':
        optional: true

  '@inquirer/password@4.0.21':
    resolution: {integrity: sha512-xxeW1V5SbNFNig2pLfetsDb0svWlKuhmr7MPJZMYuDnCTkpVBI+X/doudg4pznc1/U+yYmWFFOi4hNvGgUo7EA==}
    engines: {node: '>=18'}
    peerDependencies:
      '@types/node': '>=18'
    peerDependenciesMeta:
      '@types/node':
        optional: true

  '@inquirer/prompts@7.9.0':
    resolution: {integrity: sha512-X7/+dG9SLpSzRkwgG5/xiIzW0oMrV3C0HOa7YHG1WnrLK+vCQHfte4k/T80059YBdei29RBC3s+pSMvPJDU9/A==}
    engines: {node: '>=18'}
    peerDependencies:
      '@types/node': '>=18'
    peerDependenciesMeta:
      '@types/node':
        optional: true

  '@inquirer/rawlist@4.1.9':
    resolution: {integrity: sha512-AWpxB7MuJrRiSfTKGJ7Y68imYt8P9N3Gaa7ySdkFj1iWjr6WfbGAhdZvw/UnhFXTHITJzxGUI9k8IX7akAEBCg==}
    engines: {node: '>=18'}
    peerDependencies:
      '@types/node': '>=18'
    peerDependenciesMeta:
      '@types/node':
        optional: true

  '@inquirer/search@3.2.0':
    resolution: {integrity: sha512-a5SzB/qrXafDX1Z4AZW3CsVoiNxcIYCzYP7r9RzrfMpaLpB+yWi5U8BWagZyLmwR0pKbbL5umnGRd0RzGVI8bQ==}
    engines: {node: '>=18'}
    peerDependencies:
      '@types/node': '>=18'
    peerDependenciesMeta:
      '@types/node':
        optional: true

  '@inquirer/select@4.4.0':
    resolution: {integrity: sha512-kaC3FHsJZvVyIjYBs5Ih8y8Bj4P/QItQWrZW22WJax7zTN+ZPXVGuOM55vzbdCP9zKUiBd9iEJVdesujfF+cAA==}
    engines: {node: '>=18'}
    peerDependencies:
      '@types/node': '>=18'
    peerDependenciesMeta:
      '@types/node':
        optional: true

  '@inquirer/type@3.0.9':
    resolution: {integrity: sha512-QPaNt/nmE2bLGQa9b7wwyRJoLZ7pN6rcyXvzU0YCmivmJyq1BVo94G98tStRWkoD1RgDX5C+dPlhhHzNdu/W/w==}
    engines: {node: '>=18'}
    peerDependencies:
      '@types/node': '>=18'
    peerDependenciesMeta:
      '@types/node':
        optional: true

  '@types/node@20.14.8':
    resolution: {integrity: sha512-DO+2/jZinXfROG7j7WKFn/3C6nFwxy2lLpgLjEXJz+0XKphZlTLJ14mo8Vfg8X5BWN6XjyESXq+LcYdT7tR3bA==}

  ansi-regex@5.0.1:
    resolution: {integrity: sha512-quJQXlTSUGL2LH9SUXo8VwsY4soanhgo6LNSm84E1LBcE8s3O0wpdiRzyR9z/ZZJMlMWv37qOOb9pdJlMUEKFQ==}
    engines: {node: '>=8'}

  ansi-styles@4.3.0:
    resolution: {integrity: sha512-zbB9rCJAT1rbjiVDb2hqKFHNYLxgtk8NURxZ3IZwD3F6NtxbXZQCnnSi1Lkx+IDohdPlFp222wVALIheZJQSEg==}
    engines: {node: '>=8'}

  chardet@2.1.0:
    resolution: {integrity: sha512-bNFETTG/pM5ryzQ9Ad0lJOTa6HWD/YsScAR3EnCPZRPlQh77JocYktSHOUHelyhm8IARL+o4c4F1bP5KVOjiRA==}

  cli-width@4.1.0:
    resolution: {integrity: sha512-ouuZd4/dm2Sw5Gmqy6bGyNNNe1qt9RpmxveLSO7KcgsTnU7RXfsw+/bukWGo1abgBiMAic068rclZsO4IWmmxQ==}
    engines: {node: '>= 12'}

  color-convert@2.0.1:
    resolution: {integrity: sha512-RRECPsj7iu/xb5oKYcsFHSppFNnsj/52OVTRKb4zP5onXwVF3zVmmToNcOfGC+CRDpfK/U584fMg38ZHCaElKQ==}
    engines: {node: '>=7.0.0'}

  color-name@1.1.4:
    resolution: {integrity: sha512-dOy+3AuW3a2wNbZHIuMZpTcgjGuLU/uBL/ubcZF9OXbDo8ff4O8yVp5Bf0efS8uEoYo5q4Fx7dY9OgQGXgAsQA==}

  data-uri-to-buffer@4.0.1:
    resolution: {integrity: sha512-0R9ikRb668HB7QDxT1vkpuUBtqc53YyAwMwGeUFKRojY/NWKvdZ+9UYtRfGmhqNbRkTSVpMbmyhXipFFv2cb/A==}
    engines: {node: '>= 12'}

  emoji-regex@8.0.0:
    resolution: {integrity: sha512-MSjYzcWNOA0ewAHpz0MxpYFvwg6yjy1NG3xteoqz644VCo/RPgnr1/GGt+ic3iJTzQ8Eu3TdM14SawnVUmGE6A==}

  fetch-blob@3.2.0:
    resolution: {integrity: sha512-7yAQpD2UMJzLi1Dqv7qFYnPbaPx7ZfFK6PiIxQ4PfkGPyNyl2Ugx+a/umUonmKqjhM4DnfbMvdX6otXq83soQQ==}
    engines: {node: ^12.20 || >= 14.13}

  formdata-polyfill@4.0.10:
    resolution: {integrity: sha512-buewHzMvYL29jdeQTVILecSaZKnt/RJWjoZCF5OW60Z67/GmSLBkOFM7qh1PI3zFNtJbaZL5eQu1vLfazOwj4g==}
    engines: {node: '>=12.20.0'}

  iconv-lite@0.7.0:
    resolution: {integrity: sha512-cf6L2Ds3h57VVmkZe+Pn+5APsT7FpqJtEhhieDCvrE2MK5Qk9MyffgQyuxQTm6BChfeZNtcOLHp9IcWRVcIcBQ==}
    engines: {node: '>=0.10.0'}

  is-fullwidth-code-point@3.0.0:
    resolution: {integrity: sha512-zymm5+u+sCsSWyD9qNaejV3DFvhCKclKdizYaJUuHA83RLjb7nSuGnddCHGv0hk+KY7BMAlsWeK4Ueg6EV6XQg==}
    engines: {node: '>=8'}

  mute-stream@2.0.0:
    resolution: {integrity: sha512-WWdIxpyjEn+FhQJQQv9aQAYlHoNVdzIzUySNV1gHUPDSdZJ3yZn7pAAbQcV7B56Mvu881q9FZV+0Vx2xC44VWA==}
    engines: {node: ^18.17.0 || >=20.5.0}

  node-domexception@1.0.0:
    resolution: {integrity: sha512-/jKZoMpw0F8GRwl4/eLROPA3cfcXtLApP0QzLmUT/HuPCZWyB7IY9ZrMeKw2O/nFIqPQB3PVM9aYm0F312AXDQ==}
    engines: {node: '>=10.5.0'}

  node-fetch@3.3.2:
    resolution: {integrity: sha512-dRB78srN/l6gqWulah9SrxeYnxeddIG30+GOqK/9OlLVyLg3HPnr6SqOWTWOXKRwC2eGYCkZ59NNuSgvSrpgOA==}
    engines: {node: ^12.20.0 || ^14.13.1 || >=16.0.0}

  safer-buffer@2.1.2:
    resolution: {integrity: sha512-YZo3K82SD7Riyi0E1EQPojLz7kpepnSQI9IyPbHHg1XXXevb5dJI7tpyN2ADxGcQbHG7vcyRHk0cbwqcQriUtg==}

  signal-exit@4.1.0:
    resolution: {integrity: sha512-bzyZ1e88w9O1iNJbKnOlvYTrWPDl46O1bG0D3XInv+9tkPrxrN8jUUTiFlDkkmKWgn1M6CfIA13SuGqOa9Korw==}
    engines: {node: '>=14'}

  string-width@4.2.3:
    resolution: {integrity: sha512-wKyQRQpjJ0sIp62ErSZdGsjMJWsap5oRNihHhu6G7JVO/9jIB6UyevL+tXuOqrng8j/cxKTWyWUwvSTriiZz/g==}
    engines: {node: '>=8'}

  strip-ansi@6.0.1:
    resolution: {integrity: sha512-Y38VPSHcqkFrCpFnQ9vuSXmquuv5oXOKpGeT6aGrr3o3Gc9AlVa6JBfUSOCnbxGGZF+/0ooI7KrPuUSztUdU5A==}
    engines: {node: '>=8'}

  undici-types@5.26.5:
    resolution: {integrity: sha512-JlCMO+ehdEIKqlFxk6IfVoAUVmgz7cU7zD/h9XZ0qzeosSHmUJVOzSQvvYSYWXkFXC+IfLKSIffhv0sVZup6pA==}

  web-streams-polyfill@3.3.3:
    resolution: {integrity: sha512-d2JWLCivmZYTSIoge9MsgFCZrt571BikcWGYkjC1khllbTeDlGqZ2D8vD8E/lJa8WGWbb7Plm8/XJYV7IJHZZw==}
    engines: {node: '>= 8'}

  wrap-ansi@6.2.0:
    resolution: {integrity: sha512-r6lPcBGxZXlIcymEu7InxDMhdW0KDxpLgoFLcguasxCaJ/SOIZwINatK9KY/tf+ZrlywOKU0UDj3ATXUBfxJXA==}
    engines: {node: '>=8'}

  yoctocolors-cjs@2.1.2:
    resolution: {integrity: sha512-cYVsTjKl8b+FrnidjibDWskAv7UKOfcwaVZdp/it9n1s9fU3IkgDbhdIRKCW4JDsAlECJY0ytoVPT3sK6kideA==}
    engines: {node: '>=18'}

  zipcodes@8.0.0:
    resolution: {integrity: sha512-V8NolFaJhsPamGeCv5lJdk60Q7JBiXI6e+8JDksPC1NJWZ0t7g1OFfqVLZb2Nc2F5jmf9JTdYdWJBnIhGBvtbA==}

snapshots:

  '@inquirer/ansi@1.0.1': {}

  '@inquirer/checkbox@4.3.0(@types/node@20.14.8)':
    dependencies:
      '@inquirer/ansi': 1.0.1
      '@inquirer/core': 10.3.0(@types/node@20.14.8)
      '@inquirer/figures': 1.0.14
      '@inquirer/type': 3.0.9(@types/node@20.14.8)
      yoctocolors-cjs: 2.1.2
    optionalDependencies:
      '@types/node': 20.14.8

  '@inquirer/confirm@5.1.19(@types/node@20.14.8)':
    dependencies:
      '@inquirer/core': 10.3.0(@types/node@20.14.8)
      '@inquirer/type': 3.0.9(@types/node@20.14.8)
    optionalDependencies:
      '@types/node': 20.14.8

  '@inquirer/core@10.3.0(@types/node@20.14.8)':
    dependencies:
      '@inquirer/ansi': 1.0.1
      '@inquirer/figures': 1.0.14
      '@inquirer/type': 3.0.9(@types/node@20.14.8)
      cli-width: 4.1.0
      mute-stream: 2.0.0
      signal-exit: 4.1.0
      wrap-ansi: 6.2.0
      yoctocolors-cjs: 2.1.2
    optionalDependencies:
      '@types/node': 20.14.8

  '@inquirer/editor@4.2.21(@types/node@20.14.8)':
    dependencies:
      '@inquirer/core': 10.3.0(@types/node@20.14.8)
      '@inquirer/external-editor': 1.0.2(@types/node@20.14.8)
      '@inquirer/type': 3.0.9(@types/node@20.14.8)
    optionalDependencies:
      '@types/node': 20.14.8

  '@inquirer/expand@4.0.21(@types/node@20.14.8)':
    dependencies:
      '@inquirer/core': 10.3.0(@types/node@20.14.8)
      '@inquirer/type': 3.0.9(@types/node@20.14.8)
      yoctocolors-cjs: 2.1.2
    optionalDependencies:
      '@types/node': 20.14.8

  '@inquirer/external-editor@1.0.2(@types/node@20.14.8)':
    dependencies:
      chardet: 2.1.0
      iconv-lite: 0.7.0
    optionalDependencies:
      '@types/node': 20.14.8

  '@inquirer/figures@1.0.14': {}

  '@inquirer/input@4.2.5(@types/node@20.14.8)':
    dependencies:
      '@inquirer/core': 10.3.0(@types/node@20.14.8)
      '@inquirer/type': 3.0.9(@types/node@20.14.8)
    optionalDependencies:
      '@types/node': 20.14.8

  '@inquirer/number@3.0.21(@types/node@20.14.8)':
    dependencies:
      '@inquirer/core': 10.3.0(@types/node@20.14.8)
      '@inquirer/type': 3.0.9(@types/node@20.14.8)
    optionalDependencies:
      '@types/node': 20.14.8

  '@inquirer/password@4.0.21(@types/node@20.14.8)':
    dependencies:
      '@inquirer/ansi': 1.0.1
      '@inquirer/core': 10.3.0(@types/node@20.14.8)
      '@inquirer/type': 3.0.9(@types/node@20.14.8)
    optionalDependencies:
      '@types/node': 20.14.8

  '@inquirer/prompts@7.9.0(@types/node@20.14.8)':
    dependencies:
      '@inquirer/checkbox': 4.3.0(@types/node@20.14.8)
      '@inquirer/confirm': 5.1.19(@types/node@20.14.8)
      '@inquirer/editor': 4.2.21(@types/node@20.14.8)
      '@inquirer/expand': 4.0.21(@types/node@20.14.8)
      '@inquirer/input': 4.2.5(@types/node@20.14.8)
      '@inquirer/number': 3.0.21(@types/node@20.14.8)
      '@inquirer/password': 4.0.21(@types/node@20.14.8)
      '@inquirer/rawlist': 4.1.9(@types/node@20.14.8)
      '@inquirer/search': 3.2.0(@types/node@20.14.8)
      '@inquirer/select': 4.4.0(@types/node@20.14.8)
    optionalDependencies:
      '@types/node': 20.14.8

  '@inquirer/rawlist@4.1.9(@types/node@20.14.8)':
    dependencies:
      '@inquirer/core': 10.3.0(@types/node@20.14.8)
      '@inquirer/type': 3.0.9(@types/node@20.14.8)
      yoctocolors-cjs: 2.1.2
    optionalDependencies:
      '@types/node': 20.14.8

  '@inquirer/search@3.2.0(@types/node@20.14.8)':
    dependencies:
      '@inquirer/core': 10.3.0(@types/node@20.14.8)
      '@inquirer/figures': 1.0.14
      '@inquirer/type': 3.0.9(@types/node@20.14.8)
      yoctocolors-cjs: 2.1.2
    optionalDependencies:
      '@types/node': 20.14.8

  '@inquirer/select@4.4.0(@types/node@20.14.8)':
    dependencies:
      '@inquirer/ansi': 1.0.1
      '@inquirer/core': 10.3.0(@types/node@20.14.8)
      '@inquirer/figures': 1.0.14
      '@inquirer/type': 3.0.9(@types/node@20.14.8)
      yoctocolors-cjs: 2.1.2
    optionalDependencies:
      '@types/node': 20.14.8

  '@inquirer/type@3.0.9(@types/node@20.14.8)':
    optionalDependencies:
      '@types/node': 20.14.8

  '@types/node@20.14.8':
    dependencies:
      undici-types: 5.26.5
    optional: true

  ansi-regex@5.0.1: {}

  ansi-styles@4.3.0:
    dependencies:
      color-convert: 2.0.1

  chardet@2.1.0: {}

  cli-width@4.1.0: {}

  color-convert@2.0.1:
    dependencies:
      color-name: 1.1.4

  color-name@1.1.4: {}

  data-uri-to-buffer@4.0.1: {}

  emoji-regex@8.0.0: {}

  fetch-blob@3.2.0:
    dependencies:
      node-domexception: 1.0.0
      web-streams-polyfill: 3.3.3

  formdata-polyfill@4.0.10:
    dependencies:
      fetch-blob: 3.2.0

  iconv-lite@0.7.0:
    dependencies:
      safer-buffer: 2.1.2

  is-fullwidth-code-point@3.0.0: {}

  mute-stream@2.0.0: {}

  node-domexception@1.0.0: {}

  node-fetch@3.3.2:
    dependencies:
      data-uri-to-buffer: 4.0.1
      fetch-blob: 3.2.0
      formdata-polyfill: 4.0.10

  safer-buffer@2.1.2: {}

  signal-exit@4.1.0: {}

  string-width@4.2.3:
    dependencies:
      emoji-regex: 8.0.0
      is-fullwidth-code-point: 3.0.0
      strip-ansi: 6.0.1

  strip-ansi@6.0.1:
    dependencies:
      ansi-regex: 5.0.1

  undici-types@5.26.5:
    optional: true

  web-streams-polyfill@3.3.3: {}

  wrap-ansi@6.2.0:
    dependencies:
      ansi-styles: 4.3.0
      string-width: 4.2.3
      strip-ansi: 6.0.1

  yoctocolors-cjs@2.1.2: {}

  zipcodes@8.0.0: {}
